
Microsoft Visual Studio Solution File, Format Version 12.00
# Visual Studio Version 17
VisualStudioVersion = 17.8.34525.116
MinimumVisualStudioVersion = 10.0.40219.1
Project("{FAE04EC0-301F-11D3-BF4B-00C04F79EFBC}") = "autoid_crud", "autoid_crud\autoid_crud.csproj", "{76DD6947-0C0A-4533-81E7-AACAB7D51D73}"
EndProject
Global
	GlobalSection(SolutionConfigurationPlatforms) = preSolution
		Debug|Any CPU = Debug|Any CPU
		Release|Any CPU = Release|Any CPU
	EndGlobalSection
	GlobalSection(ProjectConfigurationPlatforms) = postSolution
		{76DD6947-0C0A-4533-81E7-AACAB7D51D73}.Debug|Any CPU.ActiveCfg = Debug|Any CPU
		{76DD6947-0C0A-4533-81E7-AACAB7D51D73}.Debug|Any CPU.Build.0 = Debug|Any CPU
		{76DD6947-0C0A-4533-81E7-AACAB7D51D73}.Release|Any CPU.ActiveCfg = Release|Any CPU
		{76DD6947-0C0A-4533-81E7-AACAB7D51D73}.Release|Any CPU.Build.0 = Release|Any CPU
	EndGlobalSection
	GlobalSection(SolutionProperties) = preSolution
		HideSolutionNode = FALSE
	EndGlobalSection
	GlobalSection(ExtensibilityGlobals) = postSolution
		SolutionGuid = {9EBBEA1E-FA69-42EE-B0F0-D47D4BD42B55}
	EndGlobalSection
EndGlobal
