
Microsoft Visual Studio Solution File, Format Version 12.00
# Visual Studio Version 17
VisualStudioVersion = 17.8.34525.116
MinimumVisualStudioVersion = 10.0.40219.1
Project("{FAE04EC0-301F-11D3-BF4B-00C04F79EFBC}") = "WinFormsApp1", "WinFormsApp1\WinFormsApp1.csproj", "{9B7C6A9F-07A4-4B48-97CE-25256F6CC59A}"
EndProject
Global
	GlobalSection(SolutionConfigurationPlatforms) = preSolution
		Debug|Any CPU = Debug|Any CPU
		Release|Any CPU = Release|Any CPU
	EndGlobalSection
	GlobalSection(ProjectConfigurationPlatforms) = postSolution
		{9B7C6A9F-07A4-4B48-97CE-25256F6CC59A}.Debug|Any CPU.ActiveCfg = Debug|Any CPU
		{9B7C6A9F-07A4-4B48-97CE-25256F6CC59A}.Debug|Any CPU.Build.0 = Debug|Any CPU
		{9B7C6A9F-07A4-4B48-97CE-25256F6CC59A}.Release|Any CPU.ActiveCfg = Release|Any CPU
		{9B7C6A9F-07A4-4B48-97CE-25256F6CC59A}.Release|Any CPU.Build.0 = Release|Any CPU
	EndGlobalSection
	GlobalSection(SolutionProperties) = preSolution
		HideSolutionNode = FALSE
	EndGlobalSection
	GlobalSection(ExtensibilityGlobals) = postSolution
		SolutionGuid = {FFF1AE53-9677-4796-AF0D-5E13065DCF3C}
	EndGlobalSection
EndGlobal
