
Microsoft Visual Studio Solution File, Format Version 12.00
# Visual Studio Version 17
VisualStudioVersion = 17.8.34525.116
MinimumVisualStudioVersion = 10.0.40219.1
Project("{FAE04EC0-301F-11D3-BF4B-00C04F79EFBC}") = "labeladdelbutton", "labeladdelbutton\labeladdelbutton.csproj", "{31BD083E-9A5A-4F25-BDEF-F86D5BE645AB}"
EndProject
Global
	GlobalSection(SolutionConfigurationPlatforms) = preSolution
		Debug|Any CPU = Debug|Any CPU
		Release|Any CPU = Release|Any CPU
	EndGlobalSection
	GlobalSection(ProjectConfigurationPlatforms) = postSolution
		{31BD083E-9A5A-4F25-BDEF-F86D5BE645AB}.Debug|Any CPU.ActiveCfg = Debug|Any CPU
		{31BD083E-9A5A-4F25-BDEF-F86D5BE645AB}.Debug|Any CPU.Build.0 = Debug|Any CPU
		{31BD083E-9A5A-4F25-BDEF-F86D5BE645AB}.Release|Any CPU.ActiveCfg = Release|Any CPU
		{31BD083E-9A5A-4F25-BDEF-F86D5BE645AB}.Release|Any CPU.Build.0 = Release|Any CPU
	EndGlobalSection
	GlobalSection(SolutionProperties) = preSolution
		HideSolutionNode = FALSE
	EndGlobalSection
	GlobalSection(ExtensibilityGlobals) = postSolution
		SolutionGuid = {B884F2CC-5E51-4F51-BCB9-A5B245791F3D}
	EndGlobalSection
EndGlobal
