
Microsoft Visual Studio Solution File, Format Version 12.00
# Visual Studio Version 17
VisualStudioVersion = 17.8.34525.116
MinimumVisualStudioVersion = 10.0.40219.1
Project("{FAE04EC0-301F-11D3-BF4B-00C04F79EFBC}") = "Mini_bono", "Mini_bono\Mini_bono.csproj", "{B15E7FB4-ED1E-4ACC-8236-549022283DAF}"
EndProject
Global
	GlobalSection(SolutionConfigurationPlatforms) = preSolution
		Debug|Any CPU = Debug|Any CPU
		Release|Any CPU = Release|Any CPU
	EndGlobalSection
	GlobalSection(ProjectConfigurationPlatforms) = postSolution
		{B15E7FB4-ED1E-4ACC-8236-549022283DAF}.Debug|Any CPU.ActiveCfg = Debug|Any CPU
		{B15E7FB4-ED1E-4ACC-8236-549022283DAF}.Debug|Any CPU.Build.0 = Debug|Any CPU
		{B15E7FB4-ED1E-4ACC-8236-549022283DAF}.Release|Any CPU.ActiveCfg = Release|Any CPU
		{B15E7FB4-ED1E-4ACC-8236-549022283DAF}.Release|Any CPU.Build.0 = Release|Any CPU
	EndGlobalSection
	GlobalSection(SolutionProperties) = preSolution
		HideSolutionNode = FALSE
	EndGlobalSection
	GlobalSection(ExtensibilityGlobals) = postSolution
		SolutionGuid = {51D43215-7FCE-4E9C-9137-EE8B5DDB510F}
	EndGlobalSection
EndGlobal
