
Microsoft Visual Studio Solution File, Format Version 12.00
# Visual Studio Version 17
VisualStudioVersion = 17.8.34525.116
MinimumVisualStudioVersion = 10.0.40219.1
Project("{FAE04EC0-301F-11D3-BF4B-00C04F79EFBC}") = "WinFormsApp10", "WinFormsApp10\WinFormsApp10.csproj", "{D27B1379-540B-440E-8980-766B48354941}"
EndProject
Project("{FAE04EC0-301F-11D3-BF4B-00C04F79EFBC}") = "WindowsFormsApp1", "WindowsFormsApp1\WindowsFormsApp1.csproj", "{2554E55D-5F48-40E3-986D-F85DC95CD494}"
EndProject
Global
	GlobalSection(SolutionConfigurationPlatforms) = preSolution
		Debug|Any CPU = Debug|Any CPU
		Release|Any CPU = Release|Any CPU
	EndGlobalSection
	GlobalSection(ProjectConfigurationPlatforms) = postSolution
		{D27B1379-540B-440E-8980-766B48354941}.Debug|Any CPU.ActiveCfg = Debug|Any CPU
		{D27B1379-540B-440E-8980-766B48354941}.Debug|Any CPU.Build.0 = Debug|Any CPU
		{D27B1379-540B-440E-8980-766B48354941}.Release|Any CPU.ActiveCfg = Release|Any CPU
		{D27B1379-540B-440E-8980-766B48354941}.Release|Any CPU.Build.0 = Release|Any CPU
		{2554E55D-5F48-40E3-986D-F85DC95CD494}.Debug|Any CPU.ActiveCfg = Debug|Any CPU
		{2554E55D-5F48-40E3-986D-F85DC95CD494}.Debug|Any CPU.Build.0 = Debug|Any CPU
		{2554E55D-5F48-40E3-986D-F85DC95CD494}.Release|Any CPU.ActiveCfg = Release|Any CPU
		{2554E55D-5F48-40E3-986D-F85DC95CD494}.Release|Any CPU.Build.0 = Release|Any CPU
	EndGlobalSection
	GlobalSection(SolutionProperties) = preSolution
		HideSolutionNode = FALSE
	EndGlobalSection
	GlobalSection(ExtensibilityGlobals) = postSolution
		SolutionGuid = {987E2302-C134-47FD-9C24-254C16E2FDAC}
	EndGlobalSection
EndGlobal
